
Microsoft Visual Studio Solution File, Format Version 12.00
# Visual Studio Version 16
VisualStudioVersion = 16.0.30907.101
MinimumVisualStudioVersion = 10.0.40219.1
Project("{FAE04EC0-301F-11D3-BF4B-00C04F79EFBC}") = "VetorPares", "VetorPares\VetorPares.csproj", "{3169F9A8-DB33-45EE-A27F-5438A2736780}"
EndProject
Global
	GlobalSection(SolutionConfigurationPlatforms) = preSolution
		Debug|Any CPU = Debug|Any CPU
		Release|Any CPU = Release|Any CPU
	EndGlobalSection
	GlobalSection(ProjectConfigurationPlatforms) = postSolution
		{3169F9A8-DB33-45EE-A27F-5438A2736780}.Debug|Any CPU.ActiveCfg = Debug|Any CPU
		{3169F9A8-DB33-45EE-A27F-5438A2736780}.Debug|Any CPU.Build.0 = Debug|Any CPU
		{3169F9A8-DB33-45EE-A27F-5438A2736780}.Release|Any CPU.ActiveCfg = Release|Any CPU
		{3169F9A8-DB33-45EE-A27F-5438A2736780}.Release|Any CPU.Build.0 = Release|Any CPU
	EndGlobalSection
	GlobalSection(SolutionProperties) = preSolution
		HideSolutionNode = FALSE
	EndGlobalSection
	GlobalSection(ExtensibilityGlobals) = postSolution
		SolutionGuid = {8AEC6030-C9C0-4B7C-8CB9-8EDAA5BF3F32}
	EndGlobalSection
EndGlobal
