
Microsoft Visual Studio Solution File, Format Version 12.00
# Visual Studio Version 16
VisualStudioVersion = 16.0.30907.101
MinimumVisualStudioVersion = 10.0.40219.1
Project("{9A19103F-16F7-4668-BE54-9A1E7A4F7556}") = "ConsoleApp", "ConsoleApp\ConsoleApp.csproj", "{B62331DD-3940-4B2D-8ACE-048B63C3801B}"
EndProject
Global
	GlobalSection(SolutionConfigurationPlatforms) = preSolution
		Debug|Any CPU = Debug|Any CPU
		Release|Any CPU = Release|Any CPU
	EndGlobalSection
	GlobalSection(ProjectConfigurationPlatforms) = postSolution
		{B62331DD-3940-4B2D-8ACE-048B63C3801B}.Debug|Any CPU.ActiveCfg = Debug|Any CPU
		{B62331DD-3940-4B2D-8ACE-048B63C3801B}.Debug|Any CPU.Build.0 = Debug|Any CPU
		{B62331DD-3940-4B2D-8ACE-048B63C3801B}.Release|Any CPU.ActiveCfg = Release|Any CPU
		{B62331DD-3940-4B2D-8ACE-048B63C3801B}.Release|Any CPU.Build.0 = Release|Any CPU
	EndGlobalSection
	GlobalSection(SolutionProperties) = preSolution
		HideSolutionNode = FALSE
	EndGlobalSection
	GlobalSection(ExtensibilityGlobals) = postSolution
		SolutionGuid = {3CB04639-14C5-4A2E-B278-6179AF79FBF6}
	EndGlobalSection
EndGlobal
